
Microsoft Visual Studio Solution File, Format Version 12.00
# Visual Studio Version 16
VisualStudioVersion = 16.0.30225.117
MinimumVisualStudioVersion = 10.0.40219.1
Project("{FAE04EC0-301F-11D3-BF4B-00C04F79EFBC}") = "ManufacturaMVC", "ManufacturaMVC.csproj", "{765563FD-117C-4397-B5E5-AB1432C0FF82}"
EndProject
Global
	GlobalSection(SolutionConfigurationPlatforms) = preSolution
		Debug|Any CPU = Debug|Any CPU
		Release|Any CPU = Release|Any CPU
	EndGlobalSection
	GlobalSection(ProjectConfigurationPlatforms) = postSolution
		{765563FD-117C-4397-B5E5-AB1432C0FF82}.Debug|Any CPU.ActiveCfg = Debug|Any CPU
		{765563FD-117C-4397-B5E5-AB1432C0FF82}.Debug|Any CPU.Build.0 = Debug|Any CPU
		{765563FD-117C-4397-B5E5-AB1432C0FF82}.Release|Any CPU.ActiveCfg = Release|Any CPU
		{765563FD-117C-4397-B5E5-AB1432C0FF82}.Release|Any CPU.Build.0 = Release|Any CPU
	EndGlobalSection
	GlobalSection(SolutionProperties) = preSolution
		HideSolutionNode = FALSE
	EndGlobalSection
	GlobalSection(ExtensibilityGlobals) = postSolution
		SolutionGuid = {B4EAB394-EBA5-4304-9860-C3A74A01F3CE}
	EndGlobalSection
EndGlobal
